
Microsoft Visual Studio Solution File, Format Version 12.00
# Visual Studio Version 17
VisualStudioVersion = 17.9.34728.123
MinimumVisualStudioVersion = 10.0.40219.1
Project("{2150E333-8FDC-42A3-9474-1A3956D46DE8}") = "src", "src", "{B06EC7DB-5556-4750-8F3D-29EA3BB55B68}"
EndProject
Project("{9A19103F-16F7-4668-BE54-9A1E7A4F7556}") = "ProductApi", "src\product\ProductApi.csproj", "{E347D900-AA99-4000-8E24-42AC9B506327}"
EndProject
Global
	GlobalSection(SolutionConfigurationPlatforms) = preSolution
		Debug|Any CPU = Debug|Any CPU
		Release|Any CPU = Release|Any CPU
	EndGlobalSection
	GlobalSection(ProjectConfigurationPlatforms) = postSolution
		{E347D900-AA99-4000-8E24-42AC9B506327}.Debug|Any CPU.ActiveCfg = Debug|Any CPU
		{E347D900-AA99-4000-8E24-42AC9B506327}.Debug|Any CPU.Build.0 = Debug|Any CPU
		{E347D900-AA99-4000-8E24-42AC9B506327}.Release|Any CPU.ActiveCfg = Release|Any CPU
		{E347D900-AA99-4000-8E24-42AC9B506327}.Release|Any CPU.Build.0 = Release|Any CPU
	EndGlobalSection
	GlobalSection(SolutionProperties) = preSolution
		HideSolutionNode = FALSE
	EndGlobalSection
	GlobalSection(NestedProjects) = preSolution
		{E347D900-AA99-4000-8E24-42AC9B506327} = {B06EC7DB-5556-4750-8F3D-29EA3BB55B68}
	EndGlobalSection
	GlobalSection(ExtensibilityGlobals) = postSolution
		SolutionGuid = {652B0AA0-D4E4-4782-90AE-DCCEA8869911}
	EndGlobalSection
EndGlobal
